
Microsoft Visual Studio Solution File, Format Version 12.00
# Visual Studio Version 16
VisualStudioVersion = 16.0.30104.148
MinimumVisualStudioVersion = 10.0.40219.1
Project("{FAE04EC0-301F-11D3-BF4B-00C04F79EFBC}") = "CRDC_MEMS", "CRDC_MEMS.csproj", "{F8D8D81D-8B38-49E3-9FEB-3E6E43EB8860}"
EndProject
Global
	GlobalSection(SolutionConfigurationPlatforms) = preSolution
		Debug|Any CPU = Debug|Any CPU
		Release|Any CPU = Release|Any CPU
	EndGlobalSection
	GlobalSection(ProjectConfigurationPlatforms) = postSolution
		{F8D8D81D-8B38-49E3-9FEB-3E6E43EB8860}.Debug|Any CPU.ActiveCfg = Debug|Any CPU
		{F8D8D81D-8B38-49E3-9FEB-3E6E43EB8860}.Debug|Any CPU.Build.0 = Debug|Any CPU
		{F8D8D81D-8B38-49E3-9FEB-3E6E43EB8860}.Release|Any CPU.ActiveCfg = Release|Any CPU
		{F8D8D81D-8B38-49E3-9FEB-3E6E43EB8860}.Release|Any CPU.Build.0 = Release|Any CPU
	EndGlobalSection
	GlobalSection(SolutionProperties) = preSolution
		HideSolutionNode = FALSE
	EndGlobalSection
	GlobalSection(ExtensibilityGlobals) = postSolution
		SolutionGuid = {2E105CE0-1C33-4689-9287-7595ABC76E10}
	EndGlobalSection
EndGlobal
